
Microsoft Visual Studio Solution File, Format Version 12.00
Project("{FAE04EC0-301F-11D3-BF4B-00C04F79EFBC}") = "WebApi", "WebApi\WebApi.csproj", "{FBF36155-4C69-47D8-9A1F-2B58971F2800}"
EndProject
Project("{FAE04EC0-301F-11D3-BF4B-00C04F79EFBC}") = "WebApi.Database", "WebApi.Database\WebApi.Database.csproj", "{699BB1F1-6754-44F0-B1A8-1694968B8543}"
EndProject
Project("{FAE04EC0-301F-11D3-BF4B-00C04F79EFBC}") = "WebApi.Domain", "WebApi.Domain\WebApi.Domain.csproj", "{C859DB59-B197-4512-8957-A9702D24DB97}"
EndProject
Project("{FAE04EC0-301F-11D3-BF4B-00C04F79EFBC}") = "WebApi.Framework", "WebApi.Framework\WebApi.Framework.csproj", "{F8EDBE41-A06E-49D2-A196-7963EBB45713}"
EndProject
Project("{FAE04EC0-301F-11D3-BF4B-00C04F79EFBC}") = "WebApi.Services", "WebApi.Services\WebApi.Services.csproj", "{EA5515FB-EE8A-4D56-ACEC-38B78E9F2F75}"
EndProject
Global
	GlobalSection(SolutionConfigurationPlatforms) = preSolution
		Debug|Any CPU = Debug|Any CPU
		Release|Any CPU = Release|Any CPU
	EndGlobalSection
	GlobalSection(ProjectConfigurationPlatforms) = postSolution
		{FBF36155-4C69-47D8-9A1F-2B58971F2800}.Debug|Any CPU.ActiveCfg = Debug|Any CPU
		{FBF36155-4C69-47D8-9A1F-2B58971F2800}.Debug|Any CPU.Build.0 = Debug|Any CPU
		{FBF36155-4C69-47D8-9A1F-2B58971F2800}.Release|Any CPU.ActiveCfg = Release|Any CPU
		{FBF36155-4C69-47D8-9A1F-2B58971F2800}.Release|Any CPU.Build.0 = Release|Any CPU
		{699BB1F1-6754-44F0-B1A8-1694968B8543}.Debug|Any CPU.ActiveCfg = Debug|Any CPU
		{699BB1F1-6754-44F0-B1A8-1694968B8543}.Debug|Any CPU.Build.0 = Debug|Any CPU
		{699BB1F1-6754-44F0-B1A8-1694968B8543}.Release|Any CPU.ActiveCfg = Release|Any CPU
		{699BB1F1-6754-44F0-B1A8-1694968B8543}.Release|Any CPU.Build.0 = Release|Any CPU
		{C859DB59-B197-4512-8957-A9702D24DB97}.Debug|Any CPU.ActiveCfg = Debug|Any CPU
		{C859DB59-B197-4512-8957-A9702D24DB97}.Debug|Any CPU.Build.0 = Debug|Any CPU
		{C859DB59-B197-4512-8957-A9702D24DB97}.Release|Any CPU.ActiveCfg = Release|Any CPU
		{C859DB59-B197-4512-8957-A9702D24DB97}.Release|Any CPU.Build.0 = Release|Any CPU
		{F8EDBE41-A06E-49D2-A196-7963EBB45713}.Debug|Any CPU.ActiveCfg = Debug|Any CPU
		{F8EDBE41-A06E-49D2-A196-7963EBB45713}.Debug|Any CPU.Build.0 = Debug|Any CPU
		{F8EDBE41-A06E-49D2-A196-7963EBB45713}.Release|Any CPU.ActiveCfg = Release|Any CPU
		{F8EDBE41-A06E-49D2-A196-7963EBB45713}.Release|Any CPU.Build.0 = Release|Any CPU
		{EA5515FB-EE8A-4D56-ACEC-38B78E9F2F75}.Debug|Any CPU.ActiveCfg = Debug|Any CPU
		{EA5515FB-EE8A-4D56-ACEC-38B78E9F2F75}.Debug|Any CPU.Build.0 = Debug|Any CPU
		{EA5515FB-EE8A-4D56-ACEC-38B78E9F2F75}.Release|Any CPU.ActiveCfg = Release|Any CPU
		{EA5515FB-EE8A-4D56-ACEC-38B78E9F2F75}.Release|Any CPU.Build.0 = Release|Any CPU
	EndGlobalSection
EndGlobal
